{
  "object": {
    "pins": [
      {
        "package": "ViewInspector",
        "repositoryURL": "https://github.com/nalexn/ViewInspector.git",
        "state": {
          "branch": null,
          "revision": "02f7c127c6669055562c7b8c479a7d5b676e7875",
          "version": "0.4.4"
        }
      }
    ]
  },
  "version": 1
}
