{
  "object": {
    "pins": [
      {
        "package": "BetterCodable",
        "repositoryURL": "https://github.com/marksands/BetterCodable.git",
        "state": {
          "branch": "master",
          "revision": "99133960f4b07bedf16034ae47555905aaa40b9c",
          "version": null
        }
      },
      {
        "package": "Defaults",
        "repositoryURL": "https://github.com/sindresorhus/Defaults",
        "state": {
          "branch": null,
          "revision": "63dcea312f9cbd17064294a3ae99c9147704b65f",
          "version": "4.2.1"
        }
      },
      {
        "package": "Dynamic",
        "repositoryURL": "https://github.com/mhdhejazi/Dynamic.git",
        "state": {
          "branch": null,
          "revision": "ab9a2570862d54aed2663691bb767f881226a12f",
          "version": "1.2.0"
        }
      },
      {
        "package": "DZNetworking",
        "repositoryURL": "https://github.com/DZNS/DZNetworking.git",
        "state": {
          "branch": null,
          "revision": "c3e5c102e6c8ad27f6ba68a9a63f6763b298e3ad",
          "version": "2.0.5"
        }
      },
      {
        "package": "SDWebImage",
        "repositoryURL": "https://github.com/SDWebImage/SDWebImage.git",
        "state": {
          "branch": null,
          "revision": "665d02280f5c04515e76feb78078dd89da091f3e",
          "version": "5.9.2"
        }
      },
      {
        "package": "SDWebImageSwiftUI",
        "repositoryURL": "https://github.com/SDWebImage/SDWebImageSwiftUI.git",
        "state": {
          "branch": null,
          "revision": "4c7f169e39bc35d6b80d42b8eb8301bee9cd0907",
          "version": "1.5.0"
        }
      },
      {
        "package": "swift-argument-parser",
        "repositoryURL": "https://github.com/apple/swift-argument-parser",
        "state": {
          "branch": null,
          "revision": "831ed5e860a70e745bc1337830af4786b2576881",
          "version": "0.4.1"
        }
      },
      {
        "package": "swift-collections",
        "repositoryURL": "https://github.com/apple/swift-collections",
        "state": {
          "branch": null,
          "revision": "bd924007a25488900d2e3f3437a0388a97636020",
          "version": "0.0.1"
        }
      },
      {
        "package": "swift-collections-benchmark",
        "repositoryURL": "https://github.com/apple/swift-collections-benchmark",
        "state": {
          "branch": null,
          "revision": "49297647d1c0855eb33ec18cd6ee1181727c159b",
          "version": "0.0.1"
        }
      },
      {
        "package": "HTMLEntities",
        "repositoryURL": "https://github.com/Kitura/swift-html-entities.git",
        "state": {
          "branch": null,
          "revision": "2b14531d0c36dbb7c1c45a4d38db9c2e7898a307",
          "version": "3.0.200"
        }
      },
      {
        "package": "swift-system",
        "repositoryURL": "https://github.com/apple/swift-system",
        "state": {
          "branch": null,
          "revision": "8ffa04c0a0592e6f4f9c30926dedd8fa1c5371f9",
          "version": "0.0.1"
        }
      },
      {
        "package": "Swift-YapDatabase",
        "repositoryURL": "https://github.com/mickeyl/SwiftYapDatabase.git",
        "state": {
          "branch": "master",
          "revision": "e1befb00a014fa75721633950e100dddd343f496",
          "version": null
        }
      },
      {
        "package": "SwiftyJSON",
        "repositoryURL": "https://github.com/SwiftyJSON/SwiftyJSON.git",
        "state": {
          "branch": null,
          "revision": "2b6054efa051565954e1d2b9da831680026cd768",
          "version": "4.3.0"
        }
      }
    ]
  },
  "version": 1
}
