// !$*UTF8*$!
{
	archiveVersion = 1;
	classes = {
	};
	objectVersion = 48;
	objects = {

/* Begin PBXBuildFile section */
		F0026F2E1FED2B4800F3AB85 /* Gallery.m in Sources */ = {isa = PBXBuildFile; fileRef = F0026F2D1FED2B4800F3AB85 /* Gallery.m */; };
		F0026F301FED2D7A00F3AB85 /* Gallery.xib in Resources */ = {isa = PBXBuildFile; fileRef = F0026F2F1FED2D7A00F3AB85 /* Gallery.xib */; };
		F00411051FC9960E00B513A9 /* Image.m in Sources */ = {isa = PBXBuildFile; fileRef = F00411041FC9960E00B513A9 /* Image.m */; };
		F005265F1FBF148E00A103CD /* Youtube.m in Sources */ = {isa = PBXBuildFile; fileRef = F005265E1FBF148E00A103CD /* Youtube.m */; };
		F01D714F1FBC11F100DF84B9 /* Blockquote.m in Sources */ = {isa = PBXBuildFile; fileRef = F01D714E1FBC11F100DF84B9 /* Blockquote.m */; };
		F01D71521FBC1A2500DF84B9 /* NSAttributedString+Trimming.m in Sources */ = {isa = PBXBuildFile; fileRef = F01D71511FBC1A2500DF84B9 /* NSAttributedString+Trimming.m */; };
		F01D71551FBC232200DF84B9 /* List.m in Sources */ = {isa = PBXBuildFile; fileRef = F01D71541FBC232200DF84B9 /* List.m */; };
		F022F04A1FBD4BFF006A0036 /* Aside.m in Sources */ = {isa = PBXBuildFile; fileRef = F022F0491FBD4BFF006A0036 /* Aside.m */; };
		F0362B791FCEDC28009184E2 /* FeedsVC+Actions.m in Sources */ = {isa = PBXBuildFile; fileRef = F0362B781FCEDC28009184E2 /* FeedsVC+Actions.m */; };
		F03AC034205533D900FB111A /* CodeTheme.m in Sources */ = {isa = PBXBuildFile; fileRef = F03AC02F205533D800FB111A /* CodeTheme.m */; };
		F03AC035205533D900FB111A /* CodeParser.m in Sources */ = {isa = PBXBuildFile; fileRef = F03AC031205533D900FB111A /* CodeParser.m */; };
		F03AC036205533D900FB111A /* HTMLUtils.m in Sources */ = {isa = PBXBuildFile; fileRef = F03AC033205533D900FB111A /* HTMLUtils.m */; };
		F055AC1D1FD2AEF4004B9C29 /* ArticleVC+Toolbar.m in Sources */ = {isa = PBXBuildFile; fileRef = F055AC1C1FD2AEF4004B9C29 /* ArticleVC+Toolbar.m */; };
		F05D21861FF2222F003DE813 /* YTUserID.m in Sources */ = {isa = PBXBuildFile; fileRef = F05D21851FF2222F003DE813 /* YTUserID.m */; };
		F070C2DE1FBABC3600912CCF /* AppDelegate.m in Sources */ = {isa = PBXBuildFile; fileRef = F070C2DD1FBABC3600912CCF /* AppDelegate.m */; };
		F070C2E61FBABC3600912CCF /* Assets.xcassets in Resources */ = {isa = PBXBuildFile; fileRef = F070C2E51FBABC3600912CCF /* Assets.xcassets */; };
		F070C2E91FBABC3600912CCF /* LaunchScreen.storyboard in Resources */ = {isa = PBXBuildFile; fileRef = F070C2E71FBABC3600912CCF /* LaunchScreen.storyboard */; };
		F070C2EC1FBABC3600912CCF /* main.m in Sources */ = {isa = PBXBuildFile; fileRef = F070C2EB1FBABC3600912CCF /* main.m */; };
		F070C2F61FBABC3600912CCF /* YetiTests.m in Sources */ = {isa = PBXBuildFile; fileRef = F070C2F51FBABC3600912CCF /* YetiTests.m */; };
		F070C3011FBABC3600912CCF /* YetiUITests.m in Sources */ = {isa = PBXBuildFile; fileRef = F070C3001FBABC3600912CCF /* YetiUITests.m */; };
		F070C3291FBAC10600912CCF /* DZKit.framework in Frameworks */ = {isa = PBXBuildFile; fileRef = F070C3221FBAC10600912CCF /* DZKit.framework */; };
		F070C32A1FBAC10600912CCF /* JLRoutes.framework in Frameworks */ = {isa = PBXBuildFile; fileRef = F070C3231FBAC10600912CCF /* JLRoutes.framework */; };
		F070C32B1FBAC10600912CCF /* OMGHTTPURLRQ.framework in Frameworks */ = {isa = PBXBuildFile; fileRef = F070C3241FBAC10600912CCF /* OMGHTTPURLRQ.framework */; };
		F070C32C1FBAC10600912CCF /* YapDatabase.framework in Frameworks */ = {isa = PBXBuildFile; fileRef = F070C3251FBAC10600912CCF /* YapDatabase.framework */; };
		F070C32D1FBAC10600912CCF /* DZAppdelegate.framework in Frameworks */ = {isa = PBXBuildFile; fileRef = F070C3261FBAC10600912CCF /* DZAppdelegate.framework */; };
		F070C32E1FBAC10600912CCF /* DZNetworking.framework in Frameworks */ = {isa = PBXBuildFile; fileRef = F070C3271FBAC10600912CCF /* DZNetworking.framework */; };
		F070C32F1FBAC10600912CCF /* CocoaLumberjack.framework in Frameworks */ = {isa = PBXBuildFile; fileRef = F070C3281FBAC10600912CCF /* CocoaLumberjack.framework */; };
		F070C3341FBAC37600912CCF /* FeedsVC.m in Sources */ = {isa = PBXBuildFile; fileRef = F070C3331FBAC37600912CCF /* FeedsVC.m */; };
		F070C3391FBAC3CC00912CCF /* FeedsManager.m in Sources */ = {isa = PBXBuildFile; fileRef = F070C3381FBAC3CC00912CCF /* FeedsManager.m */; };
		F070C3421FBACD2C00912CCF /* Range.m in Sources */ = {isa = PBXBuildFile; fileRef = F070C33B1FBACD2C00912CCF /* Range.m */; };
		F070C3431FBACD2C00912CCF /* FeedItem.m in Sources */ = {isa = PBXBuildFile; fileRef = F070C33D1FBACD2C00912CCF /* FeedItem.m */; };
		F070C3441FBACD2C00912CCF /* Content.m in Sources */ = {isa = PBXBuildFile; fileRef = F070C33F1FBACD2C00912CCF /* Content.m */; };
		F070C3451FBACD2C00912CCF /* Feed.m in Sources */ = {isa = PBXBuildFile; fileRef = F070C3411FBACD2C00912CCF /* Feed.m */; };
		F070C3481FBAD4B200912CCF /* Enclosure.m in Sources */ = {isa = PBXBuildFile; fileRef = F070C3471FBAD4B200912CCF /* Enclosure.m */; };
		F070C34C1FBADF8D00912CCF /* FeedsCell.m in Sources */ = {isa = PBXBuildFile; fileRef = F070C34A1FBADF8D00912CCF /* FeedsCell.m */; };
		F070C34D1FBADF8D00912CCF /* FeedsCell.xib in Resources */ = {isa = PBXBuildFile; fileRef = F070C34B1FBADF8D00912CCF /* FeedsCell.xib */; };
		F070C3511FBAE2F200912CCF /* ArticleCell.m in Sources */ = {isa = PBXBuildFile; fileRef = F070C34F1FBAE2F200912CCF /* ArticleCell.m */; };
		F070C3521FBAE2F200912CCF /* ArticleCell.xib in Resources */ = {isa = PBXBuildFile; fileRef = F070C3501FBAE2F200912CCF /* ArticleCell.xib */; };
		F070C3551FBAE52300912CCF /* FeedVC.m in Sources */ = {isa = PBXBuildFile; fileRef = F070C3541FBAE52300912CCF /* FeedVC.m */; };
		F070C3591FBAE7A200912CCF /* ArticleVC.m in Sources */ = {isa = PBXBuildFile; fileRef = F070C3571FBAE7A200912CCF /* ArticleVC.m */; };
		F070C35A1FBAE7A200912CCF /* ArticleVC.xib in Resources */ = {isa = PBXBuildFile; fileRef = F070C3581FBAE7A200912CCF /* ArticleVC.xib */; };
		F07A66582055539D00BA2D9F /* UIColor+HEX.m in Sources */ = {isa = PBXBuildFile; fileRef = F07A66572055539D00BA2D9F /* UIColor+HEX.m */; };
		F07A665B205554FF00BA2D9F /* Code.m in Sources */ = {isa = PBXBuildFile; fileRef = F07A665A205554FF00BA2D9F /* Code.m */; };
		F0919F651FD7C1A80098F48A /* MobileCoreServices.framework in Frameworks */ = {isa = PBXBuildFile; fileRef = F0919F641FD7C1A70098F48A /* MobileCoreServices.framework */; };
		F09B3B351FBCB348001D4B09 /* UITableViewController+ScrollLoad.m in Sources */ = {isa = PBXBuildFile; fileRef = F09B3B341FBCB348001D4B09 /* UITableViewController+ScrollLoad.m */; };
		F09E96462055342000E61681 /* highlight.pack.js in Resources */ = {isa = PBXBuildFile; fileRef = F09E96422055342000E61681 /* highlight.pack.js */; };
		F09E96472055342000E61681 /* hljs.js in Resources */ = {isa = PBXBuildFile; fileRef = F09E96432055342000E61681 /* hljs.js */; };
		F09E96482055342000E61681 /* styleHTML.js in Resources */ = {isa = PBXBuildFile; fileRef = F09E96442055342000E61681 /* styleHTML.js */; };
		F09E96492055342000E61681 /* hljs.css in Resources */ = {isa = PBXBuildFile; fileRef = F09E96452055342000E61681 /* hljs.css */; };
		F0CEA1742035B91B0082F4E7 /* NSString+Levenshtein.m in Sources */ = {isa = PBXBuildFile; fileRef = F0CEA1732035B91B0082F4E7 /* NSString+Levenshtein.m */; };
		F0D3003F1FE2633E0040D10D /* DateTools.bundle in Resources */ = {isa = PBXBuildFile; fileRef = F0D3002F1FE2633E0040D10D /* DateTools.bundle */; };
		F0D300401FE2633E0040D10D /* DTConstants.m in Sources */ = {isa = PBXBuildFile; fileRef = F0D300321FE2633E0040D10D /* DTConstants.m */; };
		F0D300411FE2633E0040D10D /* DTError.m in Sources */ = {isa = PBXBuildFile; fileRef = F0D300341FE2633E0040D10D /* DTError.m */; };
		F0D300421FE2633E0040D10D /* DTTimePeriod.m in Sources */ = {isa = PBXBuildFile; fileRef = F0D300361FE2633E0040D10D /* DTTimePeriod.m */; };
		F0D300431FE2633E0040D10D /* DTTimePeriodChain.m in Sources */ = {isa = PBXBuildFile; fileRef = F0D300381FE2633E0040D10D /* DTTimePeriodChain.m */; };
		F0D300441FE2633E0040D10D /* DTTimePeriodCollection.m in Sources */ = {isa = PBXBuildFile; fileRef = F0D3003A1FE2633E0040D10D /* DTTimePeriodCollection.m */; };
		F0D300451FE2633E0040D10D /* DTTimePeriodGroup.m in Sources */ = {isa = PBXBuildFile; fileRef = F0D3003C1FE2633E0040D10D /* DTTimePeriodGroup.m */; };
		F0D300461FE2633E0040D10D /* NSDate+DateTools.m in Sources */ = {isa = PBXBuildFile; fileRef = F0D3003E1FE2633E0040D10D /* NSDate+DateTools.m */; };
		F0E219442054FB83004B5FF5 /* Linebreak.m in Sources */ = {isa = PBXBuildFile; fileRef = F0E219432054FB83004B5FF5 /* Linebreak.m */; };
		F0E71E6F1FD6F2D400408CFF /* FeedsManager+KVS.m in Sources */ = {isa = PBXBuildFile; fileRef = F0E71E6E1FD6F2D400408CFF /* FeedsManager+KVS.m */; };
		F0E71E721FD6F72200408CFF /* PaddedLabel.m in Sources */ = {isa = PBXBuildFile; fileRef = F0E71E711FD6F72200408CFF /* PaddedLabel.m */; };
		F0EBC7DE1FBAF8A5004A5605 /* Paragraph.m in Sources */ = {isa = PBXBuildFile; fileRef = F0EBC7DD1FBAF8A5004A5605 /* Paragraph.m */; };
		F0EBC7E11FBB2181004A5605 /* Heading.m in Sources */ = {isa = PBXBuildFile; fileRef = F0EBC7E01FBB2181004A5605 /* Heading.m */; };
/* End PBXBuildFile section */

/* Begin PBXContainerItemProxy section */
		F070C2F21FBABC3600912CCF /* PBXContainerItemProxy */ = {
			isa = PBXContainerItemProxy;
			containerPortal = F070C2D11FBABC3500912CCF /* Project object */;
			proxyType = 1;
			remoteGlobalIDString = F070C2D81FBABC3500912CCF;
			remoteInfo = Yeti;
		};
		F070C2FD1FBABC3600912CCF /* PBXContainerItemProxy */ = {
			isa = PBXContainerItemProxy;
			containerPortal = F070C2D11FBABC3500912CCF /* Project object */;
			proxyType = 1;
			remoteGlobalIDString = F070C2D81FBABC3500912CCF;
			remoteInfo = Yeti;
		};
/* End PBXContainerItemProxy section */

/* Begin PBXFileReference section */
		F0026F2C1FED2B4800F3AB85 /* Gallery.h */ = {isa = PBXFileReference; lastKnownFileType = sourcecode.c.h; path = Gallery.h; sourceTree = "<group>"; };
		F0026F2D1FED2B4800F3AB85 /* Gallery.m */ = {isa = PBXFileReference; lastKnownFileType = sourcecode.c.objc; path = Gallery.m; sourceTree = "<group>"; };
		F0026F2F1FED2D7A00F3AB85 /* Gallery.xib */ = {isa = PBXFileReference; lastKnownFileType = file.xib; path = Gallery.xib; sourceTree = "<group>"; };
		F00411031FC9960E00B513A9 /* Image.h */ = {isa = PBXFileReference; lastKnownFileType = sourcecode.c.h; path = Image.h; sourceTree = "<group>"; };
		F00411041FC9960E00B513A9 /* Image.m */ = {isa = PBXFileReference; lastKnownFileType = sourcecode.c.objc; path = Image.m; sourceTree = "<group>"; };
		F005265D1FBF148E00A103CD /* Youtube.h */ = {isa = PBXFileReference; lastKnownFileType = sourcecode.c.h; path = Youtube.h; sourceTree = "<group>"; };
		F005265E1FBF148E00A103CD /* Youtube.m */ = {isa = PBXFileReference; lastKnownFileType = sourcecode.c.objc; path = Youtube.m; sourceTree = "<group>"; };
		F01D714D1FBC11F100DF84B9 /* Blockquote.h */ = {isa = PBXFileReference; lastKnownFileType = sourcecode.c.h; path = Blockquote.h; sourceTree = "<group>"; };
		F01D714E1FBC11F100DF84B9 /* Blockquote.m */ = {isa = PBXFileReference; lastKnownFileType = sourcecode.c.objc; path = Blockquote.m; sourceTree = "<group>"; };
		F01D71501FBC1A2500DF84B9 /* NSAttributedString+Trimming.h */ = {isa = PBXFileReference; lastKnownFileType = sourcecode.c.h; path = "NSAttributedString+Trimming.h"; sourceTree = "<group>"; };
		F01D71511FBC1A2500DF84B9 /* NSAttributedString+Trimming.m */ = {isa = PBXFileReference; lastKnownFileType = sourcecode.c.objc; path = "NSAttributedString+Trimming.m"; sourceTree = "<group>"; };
		F01D71531FBC232200DF84B9 /* List.h */ = {isa = PBXFileReference; lastKnownFileType = sourcecode.c.h; path = List.h; sourceTree = "<group>"; };
		F01D71541FBC232200DF84B9 /* List.m */ = {isa = PBXFileReference; lastKnownFileType = sourcecode.c.objc; path = List.m; sourceTree = "<group>"; };
		F022F0481FBD4BFF006A0036 /* Aside.h */ = {isa = PBXFileReference; lastKnownFileType = sourcecode.c.h; path = Aside.h; sourceTree = "<group>"; };
		F022F0491FBD4BFF006A0036 /* Aside.m */ = {isa = PBXFileReference; lastKnownFileType = sourcecode.c.objc; path = Aside.m; sourceTree = "<group>"; };
		F0362B771FCEDC28009184E2 /* FeedsVC+Actions.h */ = {isa = PBXFileReference; lastKnownFileType = sourcecode.c.h; path = "FeedsVC+Actions.h"; sourceTree = "<group>"; };
		F0362B781FCEDC28009184E2 /* FeedsVC+Actions.m */ = {isa = PBXFileReference; lastKnownFileType = sourcecode.c.objc; path = "FeedsVC+Actions.m"; sourceTree = "<group>"; };
		F03AC02E205533D800FB111A /* CodeParser.h */ = {isa = PBXFileReference; fileEncoding = 4; lastKnownFileType = sourcecode.c.h; path = CodeParser.h; sourceTree = "<group>"; };
		F03AC02F205533D800FB111A /* CodeTheme.m */ = {isa = PBXFileReference; fileEncoding = 4; lastKnownFileType = sourcecode.c.objc; path = CodeTheme.m; sourceTree = "<group>"; };
		F03AC030205533D800FB111A /* CodeTheme.h */ = {isa = PBXFileReference; fileEncoding = 4; lastKnownFileType = sourcecode.c.h; path = CodeTheme.h; sourceTree = "<group>"; };
		F03AC031205533D900FB111A /* CodeParser.m */ = {isa = PBXFileReference; fileEncoding = 4; lastKnownFileType = sourcecode.c.objc; path = CodeParser.m; sourceTree = "<group>"; };
		F03AC032205533D900FB111A /* HTMLUtils.h */ = {isa = PBXFileReference; fileEncoding = 4; lastKnownFileType = sourcecode.c.h; path = HTMLUtils.h; sourceTree = "<group>"; };
		F03AC033205533D900FB111A /* HTMLUtils.m */ = {isa = PBXFileReference; fileEncoding = 4; lastKnownFileType = sourcecode.c.objc; path = HTMLUtils.m; sourceTree = "<group>"; };
		F055AC1B1FD2AEF4004B9C29 /* ArticleVC+Toolbar.h */ = {isa = PBXFileReference; lastKnownFileType = sourcecode.c.h; path = "ArticleVC+Toolbar.h"; sourceTree = "<group>"; };
		F055AC1C1FD2AEF4004B9C29 /* ArticleVC+Toolbar.m */ = {isa = PBXFileReference; lastKnownFileType = sourcecode.c.objc; path = "ArticleVC+Toolbar.m"; sourceTree = "<group>"; };
		F05D21841FF2222F003DE813 /* YTUserID.h */ = {isa = PBXFileReference; lastKnownFileType = sourcecode.c.h; path = YTUserID.h; sourceTree = "<group>"; };
		F05D21851FF2222F003DE813 /* YTUserID.m */ = {isa = PBXFileReference; lastKnownFileType = sourcecode.c.objc; path = YTUserID.m; sourceTree = "<group>"; };
		F070C2D91FBABC3500912CCF /* Yeti.app */ = {isa = PBXFileReference; explicitFileType = wrapper.application; includeInIndex = 0; path = Yeti.app; sourceTree = BUILT_PRODUCTS_DIR; };
		F070C2DC1FBABC3500912CCF /* AppDelegate.h */ = {isa = PBXFileReference; lastKnownFileType = sourcecode.c.h; path = AppDelegate.h; sourceTree = "<group>"; };
		F070C2DD1FBABC3600912CCF /* AppDelegate.m */ = {isa = PBXFileReference; lastKnownFileType = sourcecode.c.objc; path = AppDelegate.m; sourceTree = "<group>"; };
		F070C2E51FBABC3600912CCF /* Assets.xcassets */ = {isa = PBXFileReference; lastKnownFileType = folder.assetcatalog; path = Assets.xcassets; sourceTree = "<group>"; };
		F070C2E81FBABC3600912CCF /* Base */ = {isa = PBXFileReference; lastKnownFileType = file.storyboard; name = Base; path = Base.lproj/LaunchScreen.storyboard; sourceTree = "<group>"; };
		F070C2EA1FBABC3600912CCF /* Info.plist */ = {isa = PBXFileReference; lastKnownFileType = text.plist.xml; path = Info.plist; sourceTree = "<group>"; };
		F070C2EB1FBABC3600912CCF /* main.m */ = {isa = PBXFileReference; lastKnownFileType = sourcecode.c.objc; path = main.m; sourceTree = "<group>"; };
		F070C2F11FBABC3600912CCF /* YetiTests.xctest */ = {isa = PBXFileReference; explicitFileType = wrapper.cfbundle; includeInIndex = 0; path = YetiTests.xctest; sourceTree = BUILT_PRODUCTS_DIR; };
		F070C2F51FBABC3600912CCF /* YetiTests.m */ = {isa = PBXFileReference; lastKnownFileType = sourcecode.c.objc; path = YetiTests.m; sourceTree = "<group>"; };
		F070C2F71FBABC3600912CCF /* Info.plist */ = {isa = PBXFileReference; lastKnownFileType = text.plist.xml; path = Info.plist; sourceTree = "<group>"; };
		F070C2FC1FBABC3600912CCF /* YetiUITests.xctest */ = {isa = PBXFileReference; explicitFileType = wrapper.cfbundle; includeInIndex = 0; path = YetiUITests.xctest; sourceTree = BUILT_PRODUCTS_DIR; };
		F070C3001FBABC3600912CCF /* YetiUITests.m */ = {isa = PBXFileReference; lastKnownFileType = sourcecode.c.objc; path = YetiUITests.m; sourceTree = "<group>"; };
		F070C3021FBABC3600912CCF /* Info.plist */ = {isa = PBXFileReference; lastKnownFileType = text.plist.xml; path = Info.plist; sourceTree = "<group>"; };
		F070C3201FBAC0E100912CCF /* Prefix.pch */ = {isa = PBXFileReference; lastKnownFileType = sourcecode.c.h; path = Prefix.pch; sourceTree = "<group>"; };
		F070C3221FBAC10600912CCF /* DZKit.framework */ = {isa = PBXFileReference; lastKnownFileType = wrapper.framework; name = DZKit.framework; path = Carthage/Build/iOS/DZKit.framework; sourceTree = SOURCE_ROOT; };
		F070C3231FBAC10600912CCF /* JLRoutes.framework */ = {isa = PBXFileReference; lastKnownFileType = wrapper.framework; name = JLRoutes.framework; path = Carthage/Build/iOS/JLRoutes.framework; sourceTree = SOURCE_ROOT; };
		F070C3241FBAC10600912CCF /* OMGHTTPURLRQ.framework */ = {isa = PBXFileReference; lastKnownFileType = wrapper.framework; name = OMGHTTPURLRQ.framework; path = Carthage/Build/iOS/OMGHTTPURLRQ.framework; sourceTree = SOURCE_ROOT; };
		F070C3251FBAC10600912CCF /* YapDatabase.framework */ = {isa = PBXFileReference; lastKnownFileType = wrapper.framework; name = YapDatabase.framework; path = Carthage/Build/iOS/YapDatabase.framework; sourceTree = SOURCE_ROOT; };
		F070C3261FBAC10600912CCF /* DZAppdelegate.framework */ = {isa = PBXFileReference; lastKnownFileType = wrapper.framework; name = DZAppdelegate.framework; path = Carthage/Build/iOS/DZAppdelegate.framework; sourceTree = SOURCE_ROOT; };
		F070C3271FBAC10600912CCF /* DZNetworking.framework */ = {isa = PBXFileReference; lastKnownFileType = wrapper.framework; name = DZNetworking.framework; path = Carthage/Build/iOS/DZNetworking.framework; sourceTree = SOURCE_ROOT; };
		F070C3281FBAC10600912CCF /* CocoaLumberjack.framework */ = {isa = PBXFileReference; lastKnownFileType = wrapper.framework; name = CocoaLumberjack.framework; path = Carthage/Build/iOS/CocoaLumberjack.framework; sourceTree = SOURCE_ROOT; };
		F070C3321FBAC37600912CCF /* FeedsVC.h */ = {isa = PBXFileReference; lastKnownFileType = sourcecode.c.h; path = FeedsVC.h; sourceTree = "<group>"; };
		F070C3331FBAC37600912CCF /* FeedsVC.m */ = {isa = PBXFileReference; lastKnownFileType = sourcecode.c.objc; path = FeedsVC.m; sourceTree = "<group>"; };
		F070C3371FBAC3CC00912CCF /* FeedsManager.h */ = {isa = PBXFileReference; lastKnownFileType = sourcecode.c.h; path = FeedsManager.h; sourceTree = "<group>"; };
		F070C3381FBAC3CC00912CCF /* FeedsManager.m */ = {isa = PBXFileReference; lastKnownFileType = sourcecode.c.objc; path = FeedsManager.m; sourceTree = "<group>"; };
		F070C33A1FBACD2C00912CCF /* Range.h */ = {isa = PBXFileReference; fileEncoding = 4; lastKnownFileType = sourcecode.c.h; path = Range.h; sourceTree = "<group>"; };
		F070C33B1FBACD2C00912CCF /* Range.m */ = {isa = PBXFileReference; fileEncoding = 4; lastKnownFileType = sourcecode.c.objc; path = Range.m; sourceTree = "<group>"; };
		F070C33C1FBACD2C00912CCF /* FeedItem.h */ = {isa = PBXFileReference; fileEncoding = 4; lastKnownFileType = sourcecode.c.h; path = FeedItem.h; sourceTree = "<group>"; };
		F070C33D1FBACD2C00912CCF /* FeedItem.m */ = {isa = PBXFileReference; fileEncoding = 4; lastKnownFileType = sourcecode.c.objc; path = FeedItem.m; sourceTree = "<group>"; };
		F070C33E1FBACD2C00912CCF /* Content.h */ = {isa = PBXFileReference; fileEncoding = 4; lastKnownFileType = sourcecode.c.h; path = Content.h; sourceTree = "<group>"; };
		F070C33F1FBACD2C00912CCF /* Content.m */ = {isa = PBXFileReference; fileEncoding = 4; lastKnownFileType = sourcecode.c.objc; path = Content.m; sourceTree = "<group>"; };
		F070C3401FBACD2C00912CCF /* Feed.h */ = {isa = PBXFileReference; fileEncoding = 4; lastKnownFileType = sourcecode.c.h; path = Feed.h; sourceTree = "<group>"; };
		F070C3411FBACD2C00912CCF /* Feed.m */ = {isa = PBXFileReference; fileEncoding = 4; lastKnownFileType = sourcecode.c.objc; path = Feed.m; sourceTree = "<group>"; };
		F070C3461FBAD4B200912CCF /* Enclosure.h */ = {isa = PBXFileReference; fileEncoding = 4; lastKnownFileType = sourcecode.c.h; path = Enclosure.h; sourceTree = "<group>"; };
		F070C3471FBAD4B200912CCF /* Enclosure.m */ = {isa = PBXFileReference; fileEncoding = 4; lastKnownFileType = sourcecode.c.objc; path = Enclosure.m; sourceTree = "<group>"; };
		F070C3491FBADF8D00912CCF /* FeedsCell.h */ = {isa = PBXFileReference; lastKnownFileType = sourcecode.c.h; path = FeedsCell.h; sourceTree = "<group>"; };
		F070C34A1FBADF8D00912CCF /* FeedsCell.m */ = {isa = PBXFileReference; lastKnownFileType = sourcecode.c.objc; path = FeedsCell.m; sourceTree = "<group>"; };
		F070C34B1FBADF8D00912CCF /* FeedsCell.xib */ = {isa = PBXFileReference; lastKnownFileType = file.xib; path = FeedsCell.xib; sourceTree = "<group>"; };
		F070C34E1FBAE2F200912CCF /* ArticleCell.h */ = {isa = PBXFileReference; lastKnownFileType = sourcecode.c.h; name = ArticleCell.h; path = Yeti/Views/ArticleCell.h; sourceTree = SOURCE_ROOT; };
		F070C34F1FBAE2F200912CCF /* ArticleCell.m */ = {isa = PBXFileReference; lastKnownFileType = sourcecode.c.objc; name = ArticleCell.m; path = Yeti/Views/ArticleCell.m; sourceTree = SOURCE_ROOT; };
		F070C3501FBAE2F200912CCF /* ArticleCell.xib */ = {isa = PBXFileReference; lastKnownFileType = file.xib; name = ArticleCell.xib; path = Yeti/Views/ArticleCell.xib; sourceTree = SOURCE_ROOT; };
		F070C3531FBAE52300912CCF /* FeedVC.h */ = {isa = PBXFileReference; lastKnownFileType = sourcecode.c.h; path = FeedVC.h; sourceTree = "<group>"; };
		F070C3541FBAE52300912CCF /* FeedVC.m */ = {isa = PBXFileReference; lastKnownFileType = sourcecode.c.objc; path = FeedVC.m; sourceTree = "<group>"; };
		F070C3561FBAE7A200912CCF /* ArticleVC.h */ = {isa = PBXFileReference; lastKnownFileType = sourcecode.c.h; path = ArticleVC.h; sourceTree = "<group>"; };
		F070C3571FBAE7A200912CCF /* ArticleVC.m */ = {isa = PBXFileReference; lastKnownFileType = sourcecode.c.objc; path = ArticleVC.m; sourceTree = "<group>"; };
		F070C3581FBAE7A200912CCF /* ArticleVC.xib */ = {isa = PBXFileReference; lastKnownFileType = file.xib; path = ArticleVC.xib; sourceTree = "<group>"; };
		F07A66562055539D00BA2D9F /* UIColor+HEX.h */ = {isa = PBXFileReference; fileEncoding = 4; lastKnownFileType = sourcecode.c.h; path = "UIColor+HEX.h"; sourceTree = "<group>"; };
		F07A66572055539D00BA2D9F /* UIColor+HEX.m */ = {isa = PBXFileReference; fileEncoding = 4; lastKnownFileType = sourcecode.c.objc; path = "UIColor+HEX.m"; sourceTree = "<group>"; };
		F07A6659205554FF00BA2D9F /* Code.h */ = {isa = PBXFileReference; lastKnownFileType = sourcecode.c.h; path = Code.h; sourceTree = "<group>"; };
		F07A665A205554FF00BA2D9F /* Code.m */ = {isa = PBXFileReference; lastKnownFileType = sourcecode.c.objc; path = Code.m; sourceTree = "<group>"; };
		F0919F641FD7C1A70098F48A /* MobileCoreServices.framework */ = {isa = PBXFileReference; lastKnownFileType = wrapper.framework; name = MobileCoreServices.framework; path = System/Library/Frameworks/MobileCoreServices.framework; sourceTree = SDKROOT; };
		F09B3B331FBCB348001D4B09 /* UITableViewController+ScrollLoad.h */ = {isa = PBXFileReference; lastKnownFileType = sourcecode.c.h; path = "UITableViewController+ScrollLoad.h"; sourceTree = "<group>"; };
		F09B3B341FBCB348001D4B09 /* UITableViewController+ScrollLoad.m */ = {isa = PBXFileReference; lastKnownFileType = sourcecode.c.objc; path = "UITableViewController+ScrollLoad.m"; sourceTree = "<group>"; };
		F09E96422055342000E61681 /* highlight.pack.js */ = {isa = PBXFileReference; fileEncoding = 4; lastKnownFileType = sourcecode.javascript; path = highlight.pack.js; sourceTree = "<group>"; };
		F09E96432055342000E61681 /* hljs.js */ = {isa = PBXFileReference; fileEncoding = 4; lastKnownFileType = sourcecode.javascript; path = hljs.js; sourceTree = "<group>"; };
		F09E96442055342000E61681 /* styleHTML.js */ = {isa = PBXFileReference; fileEncoding = 4; lastKnownFileType = sourcecode.javascript; path = styleHTML.js; sourceTree = "<group>"; };
		F09E96452055342000E61681 /* hljs.css */ = {isa = PBXFileReference; fileEncoding = 4; lastKnownFileType = text.css; path = hljs.css; sourceTree = "<group>"; };
		F0CEA1722035B91B0082F4E7 /* NSString+Levenshtein.h */ = {isa = PBXFileReference; lastKnownFileType = sourcecode.c.h; path = "NSString+Levenshtein.h"; sourceTree = "<group>"; };
		F0CEA1732035B91B0082F4E7 /* NSString+Levenshtein.m */ = {isa = PBXFileReference; lastKnownFileType = sourcecode.c.objc; path = "NSString+Levenshtein.m"; sourceTree = "<group>"; };
		F0D3002F1FE2633E0040D10D /* DateTools.bundle */ = {isa = PBXFileReference; lastKnownFileType = "wrapper.plug-in"; path = DateTools.bundle; sourceTree = "<group>"; };
		F0D300301FE2633E0040D10D /* DateTools.h */ = {isa = PBXFileReference; fileEncoding = 4; lastKnownFileType = sourcecode.c.h; path = DateTools.h; sourceTree = "<group>"; };
		F0D300311FE2633E0040D10D /* DTConstants.h */ = {isa = PBXFileReference; fileEncoding = 4; lastKnownFileType = sourcecode.c.h; path = DTConstants.h; sourceTree = "<group>"; };
		F0D300321FE2633E0040D10D /* DTConstants.m */ = {isa = PBXFileReference; fileEncoding = 4; lastKnownFileType = sourcecode.c.objc; path = DTConstants.m; sourceTree = "<group>"; };
		F0D300331FE2633E0040D10D /* DTError.h */ = {isa = PBXFileReference; fileEncoding = 4; lastKnownFileType = sourcecode.c.h; path = DTError.h; sourceTree = "<group>"; };
		F0D300341FE2633E0040D10D /* DTError.m */ = {isa = PBXFileReference; fileEncoding = 4; lastKnownFileType = sourcecode.c.objc; path = DTError.m; sourceTree = "<group>"; };
		F0D300351FE2633E0040D10D /* DTTimePeriod.h */ = {isa = PBXFileReference; fileEncoding = 4; lastKnownFileType = sourcecode.c.h; path = DTTimePeriod.h; sourceTree = "<group>"; };
		F0D300361FE2633E0040D10D /* DTTimePeriod.m */ = {isa = PBXFileReference; fileEncoding = 4; lastKnownFileType = sourcecode.c.objc; path = DTTimePeriod.m; sourceTree = "<group>"; };
		F0D300371FE2633E0040D10D /* DTTimePeriodChain.h */ = {isa = PBXFileReference; fileEncoding = 4; lastKnownFileType = sourcecode.c.h; path = DTTimePeriodChain.h; sourceTree = "<group>"; };
		F0D300381FE2633E0040D10D /* DTTimePeriodChain.m */ = {isa = PBXFileReference; fileEncoding = 4; lastKnownFileType = sourcecode.c.objc; path = DTTimePeriodChain.m; sourceTree = "<group>"; };
		F0D300391FE2633E0040D10D /* DTTimePeriodCollection.h */ = {isa = PBXFileReference; fileEncoding = 4; lastKnownFileType = sourcecode.c.h; path = DTTimePeriodCollection.h; sourceTree = "<group>"; };
		F0D3003A1FE2633E0040D10D /* DTTimePeriodCollection.m */ = {isa = PBXFileReference; fileEncoding = 4; lastKnownFileType = sourcecode.c.objc; path = DTTimePeriodCollection.m; sourceTree = "<group>"; };
		F0D3003B1FE2633E0040D10D /* DTTimePeriodGroup.h */ = {isa = PBXFileReference; fileEncoding = 4; lastKnownFileType = sourcecode.c.h; path = DTTimePeriodGroup.h; sourceTree = "<group>"; };
		F0D3003C1FE2633E0040D10D /* DTTimePeriodGroup.m */ = {isa = PBXFileReference; fileEncoding = 4; lastKnownFileType = sourcecode.c.objc; path = DTTimePeriodGroup.m; sourceTree = "<group>"; };
		F0D3003D1FE2633E0040D10D /* NSDate+DateTools.h */ = {isa = PBXFileReference; fileEncoding = 4; lastKnownFileType = sourcecode.c.h; path = "NSDate+DateTools.h"; sourceTree = "<group>"; };
		F0D3003E1FE2633E0040D10D /* NSDate+DateTools.m */ = {isa = PBXFileReference; fileEncoding = 4; lastKnownFileType = sourcecode.c.objc; path = "NSDate+DateTools.m"; sourceTree = "<group>"; };
		F0E219412054F846004B5FF5 /* LayoutConstants.h */ = {isa = PBXFileReference; lastKnownFileType = sourcecode.c.h; path = LayoutConstants.h; sourceTree = "<group>"; };
		F0E219422054FB83004B5FF5 /* Linebreak.h */ = {isa = PBXFileReference; lastKnownFileType = sourcecode.c.h; path = Linebreak.h; sourceTree = "<group>"; };
		F0E219432054FB83004B5FF5 /* Linebreak.m */ = {isa = PBXFileReference; lastKnownFileType = sourcecode.c.objc; path = Linebreak.m; sourceTree = "<group>"; };
		F0E71E6D1FD6F2D400408CFF /* FeedsManager+KVS.h */ = {isa = PBXFileReference; lastKnownFileType = sourcecode.c.h; path = "FeedsManager+KVS.h"; sourceTree = "<group>"; };
		F0E71E6E1FD6F2D400408CFF /* FeedsManager+KVS.m */ = {isa = PBXFileReference; lastKnownFileType = sourcecode.c.objc; path = "FeedsManager+KVS.m"; sourceTree = "<group>"; };
		F0E71E701FD6F72200408CFF /* PaddedLabel.h */ = {isa = PBXFileReference; lastKnownFileType = sourcecode.c.h; path = PaddedLabel.h; sourceTree = "<group>"; };
		F0E71E711FD6F72200408CFF /* PaddedLabel.m */ = {isa = PBXFileReference; lastKnownFileType = sourcecode.c.objc; path = PaddedLabel.m; sourceTree = "<group>"; };
		F0E71E731FD6FF7100408CFF /* Yeti.entitlements */ = {isa = PBXFileReference; lastKnownFileType = text.plist.entitlements; path = Yeti.entitlements; sourceTree = "<group>"; };
		F0EBC7DC1FBAF8A5004A5605 /* Paragraph.h */ = {isa = PBXFileReference; lastKnownFileType = sourcecode.c.h; path = Paragraph.h; sourceTree = "<group>"; };
		F0EBC7DD1FBAF8A5004A5605 /* Paragraph.m */ = {isa = PBXFileReference; lastKnownFileType = sourcecode.c.objc; path = Paragraph.m; sourceTree = "<group>"; };
		F0EBC7DF1FBB2181004A5605 /* Heading.h */ = {isa = PBXFileReference; lastKnownFileType = sourcecode.c.h; path = Heading.h; sourceTree = "<group>"; };
		F0EBC7E01FBB2181004A5605 /* Heading.m */ = {isa = PBXFileReference; lastKnownFileType = sourcecode.c.objc; path = Heading.m; sourceTree = "<group>"; };
/* End PBXFileReference section */

/* Begin PBXFrameworksBuildPhase section */
		F070C2D61FBABC3500912CCF /* Frameworks */ = {
			isa = PBXFrameworksBuildPhase;
			buildActionMask = 2147483647;
			files = (
				F0919F651FD7C1A80098F48A /* MobileCoreServices.framework in Frameworks */,
				F070C32E1FBAC10600912CCF /* DZNetworking.framework in Frameworks */,
				F070C32D1FBAC10600912CCF /* DZAppdelegate.framework in Frameworks */,
				F070C32C1FBAC10600912CCF /* YapDatabase.framework in Frameworks */,
				F070C32A1FBAC10600912CCF /* JLRoutes.framework in Frameworks */,
				F070C3291FBAC10600912CCF /* DZKit.framework in Frameworks */,
				F070C32F1FBAC10600912CCF /* CocoaLumberjack.framework in Frameworks */,
				F070C32B1FBAC10600912CCF /* OMGHTTPURLRQ.framework in Frameworks */,
			);
			runOnlyForDeploymentPostprocessing = 0;
		};
		F070C2EE1FBABC3600912CCF /* Frameworks */ = {
			isa = PBXFrameworksBuildPhase;
			buildActionMask = 2147483647;
			files = (
			);
			runOnlyForDeploymentPostprocessing = 0;
		};
		F070C2F91FBABC3600912CCF /* Frameworks */ = {
			isa = PBXFrameworksBuildPhase;
			buildActionMask = 2147483647;
			files = (
			);
			runOnlyForDeploymentPostprocessing = 0;
		};
/* End PBXFrameworksBuildPhase section */

/* Begin PBXGroup section */
		F01D714B1FBBF51300DF84B9 /* Feed */ = {
			isa = PBXGroup;
			children = (
				F070C3531FBAE52300912CCF /* FeedVC.h */,
				F070C3541FBAE52300912CCF /* FeedVC.m */,
			);
			path = Feed;
			sourceTree = "<group>";
		};
		F01D714C1FBBF51B00DF84B9 /* Article */ = {
			isa = PBXGroup;
			children = (
				F070C3561FBAE7A200912CCF /* ArticleVC.h */,
				F070C3571FBAE7A200912CCF /* ArticleVC.m */,
				F070C3581FBAE7A200912CCF /* ArticleVC.xib */,
				F055AC1B1FD2AEF4004B9C29 /* ArticleVC+Toolbar.h */,
				F055AC1C1FD2AEF4004B9C29 /* ArticleVC+Toolbar.m */,
			);
			path = Article;
			sourceTree = "<group>";
		};
		F03AC02D205533C200FB111A /* CodeParser */ = {
			isa = PBXGroup;
			children = (
				F03AC02E205533D800FB111A /* CodeParser.h */,
				F03AC031205533D900FB111A /* CodeParser.m */,
				F03AC030205533D800FB111A /* CodeTheme.h */,
				F03AC02F205533D800FB111A /* CodeTheme.m */,
				F03AC032205533D900FB111A /* HTMLUtils.h */,
				F03AC033205533D900FB111A /* HTMLUtils.m */,
			);
			path = CodeParser;
			sourceTree = "<group>";
		};
		F070C2D01FBABC3500912CCF = {
			isa = PBXGroup;
			children = (
				F070C2DB1FBABC3500912CCF /* Yeti */,
				F070C2F41FBABC3600912CCF /* YetiTests */,
				F070C2FF1FBABC3600912CCF /* YetiUITests */,
				F070C2DA1FBABC3500912CCF /* Products */,
				F0919F631FD7C1A70098F48A /* Frameworks */,
			);
			sourceTree = "<group>";
		};
		F070C2DA1FBABC3500912CCF /* Products */ = {
			isa = PBXGroup;
			children = (
				F070C2D91FBABC3500912CCF /* Yeti.app */,
				F070C2F11FBABC3600912CCF /* YetiTests.xctest */,
				F070C2FC1FBABC3600912CCF /* YetiUITests.xctest */,
			);
			name = Products;
			sourceTree = "<group>";
		};
		F070C2DB1FBABC3500912CCF /* Yeti */ = {
			isa = PBXGroup;
			children = (
				F0E71E731FD6FF7100408CFF /* Yeti.entitlements */,
				F070C31F1FBAC0C800912CCF /* AppDelagate */,
				F070C3101FBABC8500912CCF /* Categories */,
				F070C30E1FBABC7500912CCF /* Controllers */,
				F070C3361FBAC3C100912CCF /* FeedsManager */,
				F070C3111FBABC8A00912CCF /* Models */,
				F070C30F1FBABC7A00912CCF /* Utilities */,
				F070C3351FBAC37A00912CCF /* Views */,
				F0D3002D1FE263330040D10D /* Vendors */,
				F070C31E1FBAC0B200912CCF /* SupportingFiles */,
				F070C2E51FBABC3600912CCF /* Assets.xcassets */,
			);
			path = Yeti;
			sourceTree = "<group>";
		};
		F070C2F41FBABC3600912CCF /* YetiTests */ = {
			isa = PBXGroup;
			children = (
				F070C2F51FBABC3600912CCF /* YetiTests.m */,
				F070C2F71FBABC3600912CCF /* Info.plist */,
			);
			path = YetiTests;
			sourceTree = "<group>";
		};
		F070C2FF1FBABC3600912CCF /* YetiUITests */ = {
			isa = PBXGroup;
			children = (
				F070C3001FBABC3600912CCF /* YetiUITests.m */,
				F070C3021FBABC3600912CCF /* Info.plist */,
			);
			path = YetiUITests;
			sourceTree = "<group>";
		};
		F070C30E1FBABC7500912CCF /* Controllers */ = {
			isa = PBXGroup;
			children = (
				F01D714C1FBBF51B00DF84B9 /* Article */,
				F01D714B1FBBF51300DF84B9 /* Feed */,
				F070C3131FBABCA300912CCF /* Feeds */,
				F070C3121FBABC9E00912CCF /* Root */,
			);
			path = Controllers;
			sourceTree = "<group>";
		};
		F070C30F1FBABC7A00912CCF /* Utilities */ = {
			isa = PBXGroup;
			children = (
				F03AC02D205533C200FB111A /* CodeParser */,
				F0E219412054F846004B5FF5 /* LayoutConstants.h */,
			);
			path = Utilities;
			sourceTree = "<group>";
		};
		F070C3101FBABC8500912CCF /* Categories */ = {
			isa = PBXGroup;
			children = (
				F07A66562055539D00BA2D9F /* UIColor+HEX.h */,
				F07A66572055539D00BA2D9F /* UIColor+HEX.m */,
				F01D71501FBC1A2500DF84B9 /* NSAttributedString+Trimming.h */,
				F01D71511FBC1A2500DF84B9 /* NSAttributedString+Trimming.m */,
				F09B3B331FBCB348001D4B09 /* UITableViewController+ScrollLoad.h */,
				F09B3B341FBCB348001D4B09 /* UITableViewController+ScrollLoad.m */,
				F0CEA1722035B91B0082F4E7 /* NSString+Levenshtein.h */,
				F0CEA1732035B91B0082F4E7 /* NSString+Levenshtein.m */,
			);
			path = Categories;
			sourceTree = "<group>";
		};
		F070C3111FBABC8A00912CCF /* Models */ = {
			isa = PBXGroup;
			children = (
				F070C3461FBAD4B200912CCF /* Enclosure.h */,
				F070C3471FBAD4B200912CCF /* Enclosure.m */,
				F070C33E1FBACD2C00912CCF /* Content.h */,
				F070C33F1FBACD2C00912CCF /* Content.m */,
				F070C3401FBACD2C00912CCF /* Feed.h */,
				F070C3411FBACD2C00912CCF /* Feed.m */,
				F070C33C1FBACD2C00912CCF /* FeedItem.h */,
				F070C33D1FBACD2C00912CCF /* FeedItem.m */,
				F070C33A1FBACD2C00912CCF /* Range.h */,
				F070C33B1FBACD2C00912CCF /* Range.m */,
			);
			path = Models;
			sourceTree = "<group>";
		};
		F070C3121FBABC9E00912CCF /* Root */ = {
			isa = PBXGroup;
			children = (
			);
			path = Root;
			sourceTree = "<group>";
		};
		F070C3131FBABCA300912CCF /* Feeds */ = {
			isa = PBXGroup;
			children = (
				F070C3321FBAC37600912CCF /* FeedsVC.h */,
				F070C3331FBAC37600912CCF /* FeedsVC.m */,
				F0362B771FCEDC28009184E2 /* FeedsVC+Actions.h */,
				F0362B781FCEDC28009184E2 /* FeedsVC+Actions.m */,
			);
			path = Feeds;
			sourceTree = "<group>";
		};
		F070C31E1FBAC0B200912CCF /* SupportingFiles */ = {
			isa = PBXGroup;
			children = (
				F09E96412055340C00E61681 /* HLJS */,
				F070C3211FBAC0EE00912CCF /* Frameworks */,
				F070C2E71FBABC3600912CCF /* LaunchScreen.storyboard */,
				F070C2EA1FBABC3600912CCF /* Info.plist */,
				F070C2EB1FBABC3600912CCF /* main.m */,
				F070C3201FBAC0E100912CCF /* Prefix.pch */,
			);
			path = SupportingFiles;
			sourceTree = "<group>";
		};
		F070C31F1FBAC0C800912CCF /* AppDelagate */ = {
			isa = PBXGroup;
			children = (
				F070C2DC1FBABC3500912CCF /* AppDelegate.h */,
				F070C2DD1FBABC3600912CCF /* AppDelegate.m */,
			);
			path = AppDelagate;
			sourceTree = "<group>";
		};
		F070C3211FBAC0EE00912CCF /* Frameworks */ = {
			isa = PBXGroup;
			children = (
				F070C3281FBAC10600912CCF /* CocoaLumberjack.framework */,
				F070C3261FBAC10600912CCF /* DZAppdelegate.framework */,
				F070C3221FBAC10600912CCF /* DZKit.framework */,
				F070C3271FBAC10600912CCF /* DZNetworking.framework */,
				F070C3231FBAC10600912CCF /* JLRoutes.framework */,
				F070C3241FBAC10600912CCF /* OMGHTTPURLRQ.framework */,
				F070C3251FBAC10600912CCF /* YapDatabase.framework */,
			);
			path = Frameworks;
			sourceTree = "<group>";
		};
		F070C3351FBAC37A00912CCF /* Views */ = {
			isa = PBXGroup;
			children = (
				F070C3491FBADF8D00912CCF /* FeedsCell.h */,
				F070C34A1FBADF8D00912CCF /* FeedsCell.m */,
				F070C34B1FBADF8D00912CCF /* FeedsCell.xib */,
				F070C34E1FBAE2F200912CCF /* ArticleCell.h */,
				F070C34F1FBAE2F200912CCF /* ArticleCell.m */,
				F070C3501FBAE2F200912CCF /* ArticleCell.xib */,
				F0EBC7DC1FBAF8A5004A5605 /* Paragraph.h */,
				F0EBC7DD1FBAF8A5004A5605 /* Paragraph.m */,
				F0EBC7DF1FBB2181004A5605 /* Heading.h */,
				F0EBC7E01FBB2181004A5605 /* Heading.m */,
				F01D714D1FBC11F100DF84B9 /* Blockquote.h */,
				F01D714E1FBC11F100DF84B9 /* Blockquote.m */,
				F01D71531FBC232200DF84B9 /* List.h */,
				F01D71541FBC232200DF84B9 /* List.m */,
				F022F0481FBD4BFF006A0036 /* Aside.h */,
				F022F0491FBD4BFF006A0036 /* Aside.m */,
				F005265D1FBF148E00A103CD /* Youtube.h */,
				F005265E1FBF148E00A103CD /* Youtube.m */,
				F00411031FC9960E00B513A9 /* Image.h */,
				F00411041FC9960E00B513A9 /* Image.m */,
				F0E71E701FD6F72200408CFF /* PaddedLabel.h */,
				F0E71E711FD6F72200408CFF /* PaddedLabel.m */,
				F0026F2C1FED2B4800F3AB85 /* Gallery.h */,
				F0026F2D1FED2B4800F3AB85 /* Gallery.m */,
				F0026F2F1FED2D7A00F3AB85 /* Gallery.xib */,
				F0E219422054FB83004B5FF5 /* Linebreak.h */,
				F0E219432054FB83004B5FF5 /* Linebreak.m */,
				F07A6659205554FF00BA2D9F /* Code.h */,
				F07A665A205554FF00BA2D9F /* Code.m */,
			);
			path = Views;
			sourceTree = "<group>";
		};
		F070C3361FBAC3C100912CCF /* FeedsManager */ = {
			isa = PBXGroup;
			children = (
				F070C3371FBAC3CC00912CCF /* FeedsManager.h */,
				F070C3381FBAC3CC00912CCF /* FeedsManager.m */,
				F0E71E6D1FD6F2D400408CFF /* FeedsManager+KVS.h */,
				F0E71E6E1FD6F2D400408CFF /* FeedsManager+KVS.m */,
				F05D21841FF2222F003DE813 /* YTUserID.h */,
				F05D21851FF2222F003DE813 /* YTUserID.m */,
			);
			path = FeedsManager;
			sourceTree = "<group>";
		};
		F0919F631FD7C1A70098F48A /* Frameworks */ = {
			isa = PBXGroup;
			children = (
				F0919F641FD7C1A70098F48A /* MobileCoreServices.framework */,
			);
			name = Frameworks;
			sourceTree = "<group>";
		};
		F09E96412055340C00E61681 /* HLJS */ = {
			isa = PBXGroup;
			children = (
				F09E96422055342000E61681 /* highlight.pack.js */,
				F09E96432055342000E61681 /* hljs.js */,
				F09E96452055342000E61681 /* hljs.css */,
				F09E96442055342000E61681 /* styleHTML.js */,
			);
			path = HLJS;
			sourceTree = "<group>";
		};
		F0D3002D1FE263330040D10D /* Vendors */ = {
			isa = PBXGroup;
			children = (
				F0D3002E1FE2633E0040D10D /* DateTools */,
			);
			name = Vendors;
			sourceTree = "<group>";
		};
		F0D3002E1FE2633E0040D10D /* DateTools */ = {
			isa = PBXGroup;
			children = (
				F0D3002F1FE2633E0040D10D /* DateTools.bundle */,
				F0D300301FE2633E0040D10D /* DateTools.h */,
				F0D300311FE2633E0040D10D /* DTConstants.h */,
				F0D300321FE2633E0040D10D /* DTConstants.m */,
				F0D300331FE2633E0040D10D /* DTError.h */,
				F0D300341FE2633E0040D10D /* DTError.m */,
				F0D300351FE2633E0040D10D /* DTTimePeriod.h */,
				F0D300361FE2633E0040D10D /* DTTimePeriod.m */,
				F0D300371FE2633E0040D10D /* DTTimePeriodChain.h */,
				F0D300381FE2633E0040D10D /* DTTimePeriodChain.m */,
				F0D300391FE2633E0040D10D /* DTTimePeriodCollection.h */,
				F0D3003A1FE2633E0040D10D /* DTTimePeriodCollection.m */,
				F0D3003B1FE2633E0040D10D /* DTTimePeriodGroup.h */,
				F0D3003C1FE2633E0040D10D /* DTTimePeriodGroup.m */,
				F0D3003D1FE2633E0040D10D /* NSDate+DateTools.h */,
				F0D3003E1FE2633E0040D10D /* NSDate+DateTools.m */,
			);
			name = DateTools;
			path = Carthage/Checkouts/DateTools/DateTools/DateTools;
			sourceTree = SOURCE_ROOT;
		};
/* End PBXGroup section */

/* Begin PBXNativeTarget section */
		F070C2D81FBABC3500912CCF /* Yeti */ = {
			isa = PBXNativeTarget;
			buildConfigurationList = F070C3051FBABC3600912CCF /* Build configuration list for PBXNativeTarget "Yeti" */;
			buildPhases = (
				F070C2D51FBABC3500912CCF /* Sources */,
				F070C2D61FBABC3500912CCF /* Frameworks */,
				F070C2D71FBABC3500912CCF /* Resources */,
				F070C31D1FBAC00000912CCF /* Carthage */,
			);
			buildRules = (
			);
			dependencies = (
			);
			name = Yeti;
			productName = Yeti;
			productReference = F070C2D91FBABC3500912CCF /* Yeti.app */;
			productType = "com.apple.product-type.application";
		};
		F070C2F01FBABC3600912CCF /* YetiTests */ = {
			isa = PBXNativeTarget;
			buildConfigurationList = F070C3081FBABC3600912CCF /* Build configuration list for PBXNativeTarget "YetiTests" */;
			buildPhases = (
				F070C2ED1FBABC3600912CCF /* Sources */,
				F070C2EE1FBABC3600912CCF /* Frameworks */,
				F070C2EF1FBABC3600912CCF /* Resources */,
			);
			buildRules = (
			);
			dependencies = (
				F070C2F31FBABC3600912CCF /* PBXTargetDependency */,
			);
			name = YetiTests;
			productName = YetiTests;
			productReference = F070C2F11FBABC3600912CCF /* YetiTests.xctest */;
			productType = "com.apple.product-type.bundle.unit-test";
		};
		F070C2FB1FBABC3600912CCF /* YetiUITests */ = {
			isa = PBXNativeTarget;
			buildConfigurationList = F070C30B1FBABC3600912CCF /* Build configuration list for PBXNativeTarget "YetiUITests" */;
			buildPhases = (
				F070C2F81FBABC3600912CCF /* Sources */,
				F070C2F91FBABC3600912CCF /* Frameworks */,
				F070C2FA1FBABC3600912CCF /* Resources */,
			);
			buildRules = (
			);
			dependencies = (
				F070C2FE1FBABC3600912CCF /* PBXTargetDependency */,
			);
			name = YetiUITests;
			productName = YetiUITests;
			productReference = F070C2FC1FBABC3600912CCF /* YetiUITests.xctest */;
			productType = "com.apple.product-type.bundle.ui-testing";
		};
/* End PBXNativeTarget section */

/* Begin PBXProject section */
		F070C2D11FBABC3500912CCF /* Project object */ = {
			isa = PBXProject;
			attributes = {
				LastUpgradeCheck = 0910;
				ORGANIZATIONNAME = "Dezine Zync Studios";
				TargetAttributes = {
					F070C2D81FBABC3500912CCF = {
						CreatedOnToolsVersion = 9.1;
						ProvisioningStyle = Automatic;
						SystemCapabilities = {
							com.apple.iCloud = {
								enabled = 1;
							};
						};
					};
					F070C2F01FBABC3600912CCF = {
						CreatedOnToolsVersion = 9.1;
						ProvisioningStyle = Automatic;
						TestTargetID = F070C2D81FBABC3500912CCF;
					};
					F070C2FB1FBABC3600912CCF = {
						CreatedOnToolsVersion = 9.1;
						ProvisioningStyle = Automatic;
						TestTargetID = F070C2D81FBABC3500912CCF;
					};
				};
			};
			buildConfigurationList = F070C2D41FBABC3500912CCF /* Build configuration list for PBXProject "Yeti" */;
			compatibilityVersion = "Xcode 8.0";
			developmentRegion = en;
			hasScannedForEncodings = 0;
			knownRegions = (
				en,
				Base,
			);
			mainGroup = F070C2D01FBABC3500912CCF;
			productRefGroup = F070C2DA1FBABC3500912CCF /* Products */;
			projectDirPath = "";
			projectRoot = "";
			targets = (
				F070C2D81FBABC3500912CCF /* Yeti */,
				F070C2F01FBABC3600912CCF /* YetiTests */,
				F070C2FB1FBABC3600912CCF /* YetiUITests */,
			);
		};
/* End PBXProject section */

/* Begin PBXResourcesBuildPhase section */
		F070C2D71FBABC3500912CCF /* Resources */ = {
			isa = PBXResourcesBuildPhase;
			buildActionMask = 2147483647;
			files = (
				F09E96472055342000E61681 /* hljs.js in Resources */,
				F070C3521FBAE2F200912CCF /* ArticleCell.xib in Resources */,
				F09E96462055342000E61681 /* highlight.pack.js in Resources */,
				F070C2E91FBABC3600912CCF /* LaunchScreen.storyboard in Resources */,
				F070C35A1FBAE7A200912CCF /* ArticleVC.xib in Resources */,
				F09E96482055342000E61681 /* styleHTML.js in Resources */,
				F070C34D1FBADF8D00912CCF /* FeedsCell.xib in Resources */,
				F0026F301FED2D7A00F3AB85 /* Gallery.xib in Resources */,
				F070C2E61FBABC3600912CCF /* Assets.xcassets in Resources */,
				F0D3003F1FE2633E0040D10D /* DateTools.bundle in Resources */,
				F09E96492055342000E61681 /* hljs.css in Resources */,
			);
			runOnlyForDeploymentPostprocessing = 0;
		};
		F070C2EF1FBABC3600912CCF /* Resources */ = {
			isa = PBXResourcesBuildPhase;
			buildActionMask = 2147483647;
			files = (
			);
			runOnlyForDeploymentPostprocessing = 0;
		};
		F070C2FA1FBABC3600912CCF /* Resources */ = {
			isa = PBXResourcesBuildPhase;
			buildActionMask = 2147483647;
			files = (
			);
			runOnlyForDeploymentPostprocessing = 0;
		};
/* End PBXResourcesBuildPhase section */

/* Begin PBXShellScriptBuildPhase section */
		F070C31D1FBAC00000912CCF /* Carthage */ = {
			isa = PBXShellScriptBuildPhase;
			buildActionMask = 2147483647;
			files = (
			);
			inputPaths = (
				"$(SRCROOT)/Carthage/Build/iOS/DZKit.framework",
				"$(SRCROOT)/Carthage/Build/iOS/DZAppdelegate.framework",
				"$(SRCROOT)/Carthage/Build/iOS/CocoaLumberjack.framework",
				"$(SRCROOT)/Carthage/Build/iOS/DZNetworking.framework",
				"$(SRCROOT)/Carthage/Build/iOS/JLRoutes.framework",
				"$(SRCROOT)/Carthage/Build/iOS/OMGHTTPURLRQ.framework",
				"$(SRCROOT)/Carthage/Build/iOS/YapDatabase.framework",
				"$(SRCROOT)/Carthage/Build/iOS/YapDatabase.framework",
			);
			name = Carthage;
			outputPaths = (
				"$(BUILT_PRODUCTS_DIR)/$(FRAMEWORKS_FOLDER_PATH)/DZKit.framework",
				"$(BUILT_PRODUCTS_DIR)/$(FRAMEWORKS_FOLDER_PATH)/DZAppdelegate.framework",
				"$(BUILT_PRODUCTS_DIR)/$(FRAMEWORKS_FOLDER_PATH)/CocoaLumberjack.framework",
				"$(BUILT_PRODUCTS_DIR)/$(FRAMEWORKS_FOLDER_PATH)/DZNetworking.framework",
				"$(BUILT_PRODUCTS_DIR)/$(FRAMEWORKS_FOLDER_PATH)/JLRoutes.framework",
				"$(BUILT_PRODUCTS_DIR)/$(FRAMEWORKS_FOLDER_PATH)/OMGHTTPURLRQ.framework",
				"$(BUILT_PRODUCTS_DIR)/$(FRAMEWORKS_FOLDER_PATH)/YapDatabase.framework",
			);
			runOnlyForDeploymentPostprocessing = 0;
			shellPath = /bin/sh;
			shellScript = "/usr/local/bin/carthage copy-frameworks";
		};
/* End PBXShellScriptBuildPhase section */

/* Begin PBXSourcesBuildPhase section */
		F070C2D51FBABC3500912CCF /* Sources */ = {
			isa = PBXSourcesBuildPhase;
			buildActionMask = 2147483647;
			files = (
				F09B3B351FBCB348001D4B09 /* UITableViewController+ScrollLoad.m in Sources */,
				F055AC1D1FD2AEF4004B9C29 /* ArticleVC+Toolbar.m in Sources */,
				F0D300401FE2633E0040D10D /* DTConstants.m in Sources */,
				F005265F1FBF148E00A103CD /* Youtube.m in Sources */,
				F0D300461FE2633E0040D10D /* NSDate+DateTools.m in Sources */,
				F0E219442054FB83004B5FF5 /* Linebreak.m in Sources */,
				F07A665B205554FF00BA2D9F /* Code.m in Sources */,
				F03AC034205533D900FB111A /* CodeTheme.m in Sources */,
				F01D71551FBC232200DF84B9 /* List.m in Sources */,
				F0D300451FE2633E0040D10D /* DTTimePeriodGroup.m in Sources */,
				F070C3551FBAE52300912CCF /* FeedVC.m in Sources */,
				F070C2EC1FBABC3600912CCF /* main.m in Sources */,
				F01D71521FBC1A2500DF84B9 /* NSAttributedString+Trimming.m in Sources */,
				F03AC036205533D900FB111A /* HTMLUtils.m in Sources */,
				F0026F2E1FED2B4800F3AB85 /* Gallery.m in Sources */,
				F0E71E6F1FD6F2D400408CFF /* FeedsManager+KVS.m in Sources */,
				F022F04A1FBD4BFF006A0036 /* Aside.m in Sources */,
				F0D300411FE2633E0040D10D /* DTError.m in Sources */,
				F070C3341FBAC37600912CCF /* FeedsVC.m in Sources */,
				F0D300421FE2633E0040D10D /* DTTimePeriod.m in Sources */,
				F0D300431FE2633E0040D10D /* DTTimePeriodChain.m in Sources */,
				F070C3591FBAE7A200912CCF /* ArticleVC.m in Sources */,
				F070C3511FBAE2F200912CCF /* ArticleCell.m in Sources */,
				F01D714F1FBC11F100DF84B9 /* Blockquote.m in Sources */,
				F05D21861FF2222F003DE813 /* YTUserID.m in Sources */,
				F0CEA1742035B91B0082F4E7 /* NSString+Levenshtein.m in Sources */,
				F00411051FC9960E00B513A9 /* Image.m in Sources */,
				F070C2DE1FBABC3600912CCF /* AppDelegate.m in Sources */,
				F03AC035205533D900FB111A /* CodeParser.m in Sources */,
				F0362B791FCEDC28009184E2 /* FeedsVC+Actions.m in Sources */,
				F070C3391FBAC3CC00912CCF /* FeedsManager.m in Sources */,
				F070C3431FBACD2C00912CCF /* FeedItem.m in Sources */,
				F0E71E721FD6F72200408CFF /* PaddedLabel.m in Sources */,
				F070C3451FBACD2C00912CCF /* Feed.m in Sources */,
				F0EBC7E11FBB2181004A5605 /* Heading.m in Sources */,
				F070C3441FBACD2C00912CCF /* Content.m in Sources */,
				F0EBC7DE1FBAF8A5004A5605 /* Paragraph.m in Sources */,
				F070C3421FBACD2C00912CCF /* Range.m in Sources */,
				F07A66582055539D00BA2D9F /* UIColor+HEX.m in Sources */,
				F070C3481FBAD4B200912CCF /* Enclosure.m in Sources */,
				F070C34C1FBADF8D00912CCF /* FeedsCell.m in Sources */,
				F0D300441FE2633E0040D10D /* DTTimePeriodCollection.m in Sources */,
			);
			runOnlyForDeploymentPostprocessing = 0;
		};
		F070C2ED1FBABC3600912CCF /* Sources */ = {
			isa = PBXSourcesBuildPhase;
			buildActionMask = 2147483647;
			files = (
				F070C2F61FBABC3600912CCF /* YetiTests.m in Sources */,
			);
			runOnlyForDeploymentPostprocessing = 0;
		};
		F070C2F81FBABC3600912CCF /* Sources */ = {
			isa = PBXSourcesBuildPhase;
			buildActionMask = 2147483647;
			files = (
				F070C3011FBABC3600912CCF /* YetiUITests.m in Sources */,
			);
			runOnlyForDeploymentPostprocessing = 0;
		};
/* End PBXSourcesBuildPhase section */

/* Begin PBXTargetDependency section */
		F070C2F31FBABC3600912CCF /* PBXTargetDependency */ = {
			isa = PBXTargetDependency;
			target = F070C2D81FBABC3500912CCF /* Yeti */;
			targetProxy = F070C2F21FBABC3600912CCF /* PBXContainerItemProxy */;
		};
		F070C2FE1FBABC3600912CCF /* PBXTargetDependency */ = {
			isa = PBXTargetDependency;
			target = F070C2D81FBABC3500912CCF /* Yeti */;
			targetProxy = F070C2FD1FBABC3600912CCF /* PBXContainerItemProxy */;
		};
/* End PBXTargetDependency section */

/* Begin PBXVariantGroup section */
		F070C2E71FBABC3600912CCF /* LaunchScreen.storyboard */ = {
			isa = PBXVariantGroup;
			children = (
				F070C2E81FBABC3600912CCF /* Base */,
			);
			name = LaunchScreen.storyboard;
			sourceTree = "<group>";
		};
/* End PBXVariantGroup section */

/* Begin XCBuildConfiguration section */
		F070C3031FBABC3600912CCF /* Debug */ = {
			isa = XCBuildConfiguration;
			buildSettings = {
				ALWAYS_SEARCH_USER_PATHS = NO;
				CLANG_ANALYZER_NONNULL = YES;
				CLANG_ANALYZER_NUMBER_OBJECT_CONVERSION = YES_AGGRESSIVE;
				CLANG_CXX_LANGUAGE_STANDARD = "gnu++14";
				CLANG_CXX_LIBRARY = "libc++";
				CLANG_ENABLE_MODULES = YES;
				CLANG_ENABLE_OBJC_ARC = YES;
				CLANG_WARN_BLOCK_CAPTURE_AUTORELEASING = YES;
				CLANG_WARN_BOOL_CONVERSION = YES;
				CLANG_WARN_COMMA = YES;
				CLANG_WARN_CONSTANT_CONVERSION = YES;
				CLANG_WARN_DIRECT_OBJC_ISA_USAGE = YES_ERROR;
				CLANG_WARN_DOCUMENTATION_COMMENTS = YES;
				CLANG_WARN_EMPTY_BODY = YES;
				CLANG_WARN_ENUM_CONVERSION = YES;
				CLANG_WARN_INFINITE_RECURSION = YES;
				CLANG_WARN_INT_CONVERSION = YES;
				CLANG_WARN_NON_LITERAL_NULL_CONVERSION = YES;
				CLANG_WARN_OBJC_LITERAL_CONVERSION = YES;
				CLANG_WARN_OBJC_ROOT_CLASS = YES_ERROR;
				CLANG_WARN_RANGE_LOOP_ANALYSIS = YES;
				CLANG_WARN_STRICT_PROTOTYPES = YES;
				CLANG_WARN_SUSPICIOUS_MOVE = YES;
				CLANG_WARN_UNGUARDED_AVAILABILITY = YES_AGGRESSIVE;
				CLANG_WARN_UNREACHABLE_CODE = YES;
				CLANG_WARN__DUPLICATE_METHOD_MATCH = YES;
				CODE_SIGN_IDENTITY = "iPhone Developer";
				COPY_PHASE_STRIP = NO;
				CURRENT_PROJECT_VERSION = 15;
				DEBUG_INFORMATION_FORMAT = dwarf;
				ENABLE_BITCODE = NO;
				ENABLE_STRICT_OBJC_MSGSEND = YES;
				ENABLE_TESTABILITY = YES;
				GCC_C_LANGUAGE_STANDARD = gnu11;
				GCC_DYNAMIC_NO_PIC = NO;
				GCC_NO_COMMON_BLOCKS = YES;
				GCC_OPTIMIZATION_LEVEL = 0;
				GCC_PREPROCESSOR_DEFINITIONS = (
					"DEBUG=1",
					"$(inherited)",
				);
				GCC_WARN_64_TO_32_BIT_CONVERSION = YES;
				GCC_WARN_ABOUT_RETURN_TYPE = YES_ERROR;
				GCC_WARN_UNDECLARED_SELECTOR = YES;
				GCC_WARN_UNINITIALIZED_AUTOS = YES_AGGRESSIVE;
				GCC_WARN_UNUSED_FUNCTION = YES;
				GCC_WARN_UNUSED_VARIABLE = YES;
				IPHONEOS_DEPLOYMENT_TARGET = 11.1;
				MTL_ENABLE_DEBUG_INFO = YES;
				ONLY_ACTIVE_ARCH = YES;
				SDKROOT = iphoneos;
				VERSIONING_SYSTEM = "apple-generic";
			};
			name = Debug;
		};
		F070C3041FBABC3600912CCF /* Release */ = {
			isa = XCBuildConfiguration;
			buildSettings = {
				ALWAYS_SEARCH_USER_PATHS = NO;
				CLANG_ANALYZER_NONNULL = YES;
				CLANG_ANALYZER_NUMBER_OBJECT_CONVERSION = YES_AGGRESSIVE;
				CLANG_CXX_LANGUAGE_STANDARD = "gnu++14";
				CLANG_CXX_LIBRARY = "libc++";
				CLANG_ENABLE_MODULES = YES;
				CLANG_ENABLE_OBJC_ARC = YES;
				CLANG_WARN_BLOCK_CAPTURE_AUTORELEASING = YES;
				CLANG_WARN_BOOL_CONVERSION = YES;
				CLANG_WARN_COMMA = YES;
				CLANG_WARN_CONSTANT_CONVERSION = YES;
				CLANG_WARN_DIRECT_OBJC_ISA_USAGE = YES_ERROR;
				CLANG_WARN_DOCUMENTATION_COMMENTS = YES;
				CLANG_WARN_EMPTY_BODY = YES;
				CLANG_WARN_ENUM_CONVERSION = YES;
				CLANG_WARN_INFINITE_RECURSION = YES;
				CLANG_WARN_INT_CONVERSION = YES;
				CLANG_WARN_NON_LITERAL_NULL_CONVERSION = YES;
				CLANG_WARN_OBJC_LITERAL_CONVERSION = YES;
				CLANG_WARN_OBJC_ROOT_CLASS = YES_ERROR;
				CLANG_WARN_RANGE_LOOP_ANALYSIS = YES;
				CLANG_WARN_STRICT_PROTOTYPES = YES;
				CLANG_WARN_SUSPICIOUS_MOVE = YES;
				CLANG_WARN_UNGUARDED_AVAILABILITY = YES_AGGRESSIVE;
				CLANG_WARN_UNREACHABLE_CODE = YES;
				CLANG_WARN__DUPLICATE_METHOD_MATCH = YES;
				CODE_SIGN_IDENTITY = "iPhone Developer";
				COPY_PHASE_STRIP = NO;
				CURRENT_PROJECT_VERSION = 15;
				DEBUG_INFORMATION_FORMAT = "dwarf-with-dsym";
				ENABLE_BITCODE = NO;
				ENABLE_NS_ASSERTIONS = NO;
				ENABLE_STRICT_OBJC_MSGSEND = YES;
				GCC_C_LANGUAGE_STANDARD = gnu11;
				GCC_NO_COMMON_BLOCKS = YES;
				GCC_WARN_64_TO_32_BIT_CONVERSION = YES;
				GCC_WARN_ABOUT_RETURN_TYPE = YES_ERROR;
				GCC_WARN_UNDECLARED_SELECTOR = YES;
				GCC_WARN_UNINITIALIZED_AUTOS = YES_AGGRESSIVE;
				GCC_WARN_UNUSED_FUNCTION = YES;
				GCC_WARN_UNUSED_VARIABLE = YES;
				IPHONEOS_DEPLOYMENT_TARGET = 11.1;
				MTL_ENABLE_DEBUG_INFO = NO;
				SDKROOT = iphoneos;
				VALIDATE_PRODUCT = YES;
				VERSIONING_SYSTEM = "apple-generic";
			};
			name = Release;
		};
		F070C3061FBABC3600912CCF /* Debug */ = {
			isa = XCBuildConfiguration;
			buildSettings = {
				ASSETCATALOG_COMPILER_APPICON_NAME = AppIcon;
				CODE_SIGN_ENTITLEMENTS = Yeti/Yeti.entitlements;
				CODE_SIGN_STYLE = Automatic;
				CURRENT_PROJECT_VERSION = 15;
				DEVELOPMENT_TEAM = 3TLN858B23;
				ENABLE_BITCODE = NO;
				FRAMEWORK_SEARCH_PATHS = (
					"$(inherited)",
					"$(PROJECT_DIR)/Carthage/Build/iOS",
				);
				GCC_PREFIX_HEADER = Yeti/SupportingFiles/Prefix.pch;
				GCC_PREPROCESSOR_DEFINITIONS = (
					"$(inherited)",
					"DEBUG_LAYOUT=0",
				);
				INFOPLIST_FILE = "$(SRCROOT)/Yeti/SupportingFiles/Info.plist";
				IPHONEOS_DEPLOYMENT_TARGET = 11.0;
				LD_RUNPATH_SEARCH_PATHS = "$(inherited) @executable_path/Frameworks";
				PRODUCT_BUNDLE_IDENTIFIER = com.dezinezync.Yeti;
				PRODUCT_NAME = "$(TARGET_NAME)";
				TARGETED_DEVICE_FAMILY = "1,2";
				VERSIONING_SYSTEM = "apple-generic";
			};
			name = Debug;
		};
		F070C3071FBABC3600912CCF /* Release */ = {
			isa = XCBuildConfiguration;
			buildSettings = {
				ASSETCATALOG_COMPILER_APPICON_NAME = AppIcon;
				CODE_SIGN_ENTITLEMENTS = Yeti/Yeti.entitlements;
				CODE_SIGN_STYLE = Automatic;
				CURRENT_PROJECT_VERSION = 15;
				DEVELOPMENT_TEAM = 3TLN858B23;
				ENABLE_BITCODE = NO;
				FRAMEWORK_SEARCH_PATHS = (
					"$(inherited)",
					"$(PROJECT_DIR)/Carthage/Build/iOS",
				);
				GCC_PREFIX_HEADER = Yeti/SupportingFiles/Prefix.pch;
				INFOPLIST_FILE = "$(SRCROOT)/Yeti/SupportingFiles/Info.plist";
				IPHONEOS_DEPLOYMENT_TARGET = 11.0;
				LD_RUNPATH_SEARCH_PATHS = "$(inherited) @executable_path/Frameworks";
				PRODUCT_BUNDLE_IDENTIFIER = com.dezinezync.Yeti;
				PRODUCT_NAME = "$(TARGET_NAME)";
				TARGETED_DEVICE_FAMILY = "1,2";
				VERSIONING_SYSTEM = "apple-generic";
			};
			name = Release;
		};
		F070C3091FBABC3600912CCF /* Debug */ = {
			isa = XCBuildConfiguration;
			buildSettings = {
				BUNDLE_LOADER = "$(TEST_HOST)";
				CODE_SIGN_STYLE = Automatic;
				CURRENT_PROJECT_VERSION = 15;
				DEVELOPMENT_TEAM = 3TLN858B23;
				INFOPLIST_FILE = YetiTests/Info.plist;
				LD_RUNPATH_SEARCH_PATHS = "$(inherited) @executable_path/Frameworks @loader_path/Frameworks";
				PRODUCT_BUNDLE_IDENTIFIER = com.dezinezync.YetiTests;
				PRODUCT_NAME = "$(TARGET_NAME)";
				TARGETED_DEVICE_FAMILY = "1,2";
				TEST_HOST = "$(BUILT_PRODUCTS_DIR)/Yeti.app/Yeti";
				VERSIONING_SYSTEM = "apple-generic";
			};
			name = Debug;
		};
		F070C30A1FBABC3600912CCF /* Release */ = {
			isa = XCBuildConfiguration;
			buildSettings = {
				BUNDLE_LOADER = "$(TEST_HOST)";
				CODE_SIGN_STYLE = Automatic;
				CURRENT_PROJECT_VERSION = 15;
				DEVELOPMENT_TEAM = 3TLN858B23;
				INFOPLIST_FILE = YetiTests/Info.plist;
				LD_RUNPATH_SEARCH_PATHS = "$(inherited) @executable_path/Frameworks @loader_path/Frameworks";
				PRODUCT_BUNDLE_IDENTIFIER = com.dezinezync.YetiTests;
				PRODUCT_NAME = "$(TARGET_NAME)";
				TARGETED_DEVICE_FAMILY = "1,2";
				TEST_HOST = "$(BUILT_PRODUCTS_DIR)/Yeti.app/Yeti";
				VERSIONING_SYSTEM = "apple-generic";
			};
			name = Release;
		};
		F070C30C1FBABC3600912CCF /* Debug */ = {
			isa = XCBuildConfiguration;
			buildSettings = {
				CODE_SIGN_STYLE = Automatic;
				CURRENT_PROJECT_VERSION = 15;
				DEVELOPMENT_TEAM = 3TLN858B23;
				INFOPLIST_FILE = YetiUITests/Info.plist;
				LD_RUNPATH_SEARCH_PATHS = "$(inherited) @executable_path/Frameworks @loader_path/Frameworks";
				PRODUCT_BUNDLE_IDENTIFIER = com.dezinezync.YetiUITests;
				PRODUCT_NAME = "$(TARGET_NAME)";
				TARGETED_DEVICE_FAMILY = "1,2";
				TEST_TARGET_NAME = Yeti;
				VERSIONING_SYSTEM = "apple-generic";
			};
			name = Debug;
		};
		F070C30D1FBABC3600912CCF /* Release */ = {
			isa = XCBuildConfiguration;
			buildSettings = {
				CODE_SIGN_STYLE = Automatic;
				CURRENT_PROJECT_VERSION = 15;
				DEVELOPMENT_TEAM = 3TLN858B23;
				INFOPLIST_FILE = YetiUITests/Info.plist;
				LD_RUNPATH_SEARCH_PATHS = "$(inherited) @executable_path/Frameworks @loader_path/Frameworks";
				PRODUCT_BUNDLE_IDENTIFIER = com.dezinezync.YetiUITests;
				PRODUCT_NAME = "$(TARGET_NAME)";
				TARGETED_DEVICE_FAMILY = "1,2";
				TEST_TARGET_NAME = Yeti;
				VERSIONING_SYSTEM = "apple-generic";
			};
			name = Release;
		};
/* End XCBuildConfiguration section */

/* Begin XCConfigurationList section */
		F070C2D41FBABC3500912CCF /* Build configuration list for PBXProject "Yeti" */ = {
			isa = XCConfigurationList;
			buildConfigurations = (
				F070C3031FBABC3600912CCF /* Debug */,
				F070C3041FBABC3600912CCF /* Release */,
			);
			defaultConfigurationIsVisible = 0;
			defaultConfigurationName = Release;
		};
		F070C3051FBABC3600912CCF /* Build configuration list for PBXNativeTarget "Yeti" */ = {
			isa = XCConfigurationList;
			buildConfigurations = (
				F070C3061FBABC3600912CCF /* Debug */,
				F070C3071FBABC3600912CCF /* Release */,
			);
			defaultConfigurationIsVisible = 0;
			defaultConfigurationName = Release;
		};
		F070C3081FBABC3600912CCF /* Build configuration list for PBXNativeTarget "YetiTests" */ = {
			isa = XCConfigurationList;
			buildConfigurations = (
				F070C3091FBABC3600912CCF /* Debug */,
				F070C30A1FBABC3600912CCF /* Release */,
			);
			defaultConfigurationIsVisible = 0;
			defaultConfigurationName = Release;
		};
		F070C30B1FBABC3600912CCF /* Build configuration list for PBXNativeTarget "YetiUITests" */ = {
			isa = XCConfigurationList;
			buildConfigurations = (
				F070C30C1FBABC3600912CCF /* Debug */,
				F070C30D1FBABC3600912CCF /* Release */,
			);
			defaultConfigurationIsVisible = 0;
			defaultConfigurationName = Release;
		};
/* End XCConfigurationList section */
	};
	rootObject = F070C2D11FBABC3500912CCF /* Project object */;
}
